
Microsoft Visual Studio Solution File, Format Version 12.00
# Visual Studio Version 17
VisualStudioVersion = 17.4.33205.214
MinimumVisualStudioVersion = 10.0.40219.1
Project("{FAE04EC0-301F-11D3-BF4B-00C04F79EFBC}") = "H3CocktailsORM", "H3CocktailsORM\H3CocktailsORM.csproj", "{FB3C5D8F-0FAB-4A8C-BBAC-52BDCD34E4C9}"
EndProject
Global
	GlobalSection(SolutionConfigurationPlatforms) = preSolution
		Debug|Any CPU = Debug|Any CPU
		Release|Any CPU = Release|Any CPU
	EndGlobalSection
	GlobalSection(ProjectConfigurationPlatforms) = postSolution
		{FB3C5D8F-0FAB-4A8C-BBAC-52BDCD34E4C9}.Debug|Any CPU.ActiveCfg = Debug|Any CPU
		{FB3C5D8F-0FAB-4A8C-BBAC-52BDCD34E4C9}.Debug|Any CPU.Build.0 = Debug|Any CPU
		{FB3C5D8F-0FAB-4A8C-BBAC-52BDCD34E4C9}.Release|Any CPU.ActiveCfg = Release|Any CPU
		{FB3C5D8F-0FAB-4A8C-BBAC-52BDCD34E4C9}.Release|Any CPU.Build.0 = Release|Any CPU
	EndGlobalSection
	GlobalSection(SolutionProperties) = preSolution
		HideSolutionNode = FALSE
	EndGlobalSection
	GlobalSection(ExtensibilityGlobals) = postSolution
		SolutionGuid = {1F57F19C-99D8-4062-BEF0-B92E9DCDC897}
	EndGlobalSection
EndGlobal
